
Microsoft Visual Studio Solution File, Format Version 12.00
# Visual Studio Version 17
VisualStudioVersion = 17.4.33103.184
MinimumVisualStudioVersion = 10.0.40219.1
Project("{FAE04EC0-301F-11D3-BF4B-00C04F79EFBC}") = "webAppHash", "webAppHash\webAppHash.csproj", "{F2421EAE-F0DC-4AA2-BF5D-5B975D1FE64D}"
EndProject
Global
	GlobalSection(SolutionConfigurationPlatforms) = preSolution
		Debug|Any CPU = Debug|Any CPU
		Release|Any CPU = Release|Any CPU
	EndGlobalSection
	GlobalSection(ProjectConfigurationPlatforms) = postSolution
		{F2421EAE-F0DC-4AA2-BF5D-5B975D1FE64D}.Debug|Any CPU.ActiveCfg = Debug|Any CPU
		{F2421EAE-F0DC-4AA2-BF5D-5B975D1FE64D}.Debug|Any CPU.Build.0 = Debug|Any CPU
		{F2421EAE-F0DC-4AA2-BF5D-5B975D1FE64D}.Release|Any CPU.ActiveCfg = Release|Any CPU
		{F2421EAE-F0DC-4AA2-BF5D-5B975D1FE64D}.Release|Any CPU.Build.0 = Release|Any CPU
	EndGlobalSection
	GlobalSection(SolutionProperties) = preSolution
		HideSolutionNode = FALSE
	EndGlobalSection
	GlobalSection(ExtensibilityGlobals) = postSolution
		SolutionGuid = {6D44A904-A576-4415-8F1D-ED29E2C6EA3A}
	EndGlobalSection
EndGlobal
